// !$*UTF8*$!
{
	archiveVersion = 1;
	classes = {
	};
	objectVersion = 50;
	objects = {

/* Begin PBXBuildFile section */
		17900A31BA18A4540BBAFE85 /* Pods_HealthUITests.framework in Frameworks */ = {isa = PBXBuildFile; fileRef = EFB681C7F1645875EBFA8C9F /* Pods_HealthUITests.framework */; };
		B61E28F62161EFFA00827641 /* AppDelegate.swift in Sources */ = {isa = PBXBuildFile; fileRef = B61E28F52161EFFA00827641 /* AppDelegate.swift */; };
		B61E28FD2161EFFB00827641 /* Assets.xcassets in Resources */ = {isa = PBXBuildFile; fileRef = B61E28FC2161EFFB00827641 /* Assets.xcassets */; };
		B61E29002161EFFB00827641 /* LaunchScreen.storyboard in Resources */ = {isa = PBXBuildFile; fileRef = B61E28FE2161EFFB00827641 /* LaunchScreen.storyboard */; };
		B61E290B2161EFFB00827641 /* HealthTests.swift in Sources */ = {isa = PBXBuildFile; fileRef = B61E290A2161EFFB00827641 /* HealthTests.swift */; };
		B61E29162161EFFB00827641 /* HealthUITests.swift in Sources */ = {isa = PBXBuildFile; fileRef = B61E29152161EFFB00827641 /* HealthUITests.swift */; };
		B61E29352161F0A700827641 /* SplashViewController.swift in Sources */ = {isa = PBXBuildFile; fileRef = B61E29262161F0A600827641 /* SplashViewController.swift */; };
		B61E29362161F0A700827641 /* SplashViewModel.swift in Sources */ = {isa = PBXBuildFile; fileRef = B61E29272161F0A600827641 /* SplashViewModel.swift */; };
		B61E29372161F0A700827641 /* SplashNavigator.swift in Sources */ = {isa = PBXBuildFile; fileRef = B61E29282161F0A600827641 /* SplashNavigator.swift */; };
		B61E29382161F0A700827641 /* SplashViewController.xib in Resources */ = {isa = PBXBuildFile; fileRef = B61E29292161F0A600827641 /* SplashViewController.xib */; };
		B61E293A2161F0A700827641 /* ErrorTracker.swift in Sources */ = {isa = PBXBuildFile; fileRef = B61E292E2161F0A700827641 /* ErrorTracker.swift */; };
		B61E293B2161F0A700827641 /* ActivityIndicator.swift in Sources */ = {isa = PBXBuildFile; fileRef = B61E292F2161F0A700827641 /* ActivityIndicator.swift */; };
		B61E293C2161F0A700827641 /* Observable+Ext.swift in Sources */ = {isa = PBXBuildFile; fileRef = B61E29302161F0A700827641 /* Observable+Ext.swift */; };
		B61E293D2161F0A700827641 /* BaseViewController.swift in Sources */ = {isa = PBXBuildFile; fileRef = B61E29322161F0A700827641 /* BaseViewController.swift */; };
		B61E293E2161F0A700827641 /* ViewModelType.swift in Sources */ = {isa = PBXBuildFile; fileRef = B61E29332161F0A700827641 /* ViewModelType.swift */; };
		B61E29442161F38B00827641 /* LoginViewController.swift in Sources */ = {isa = PBXBuildFile; fileRef = B61E29422161F38B00827641 /* LoginViewController.swift */; };
		B61E29452161F38B00827641 /* LoginViewController.xib in Resources */ = {isa = PBXBuildFile; fileRef = B61E29432161F38B00827641 /* LoginViewController.xib */; };
		B61E29472161F39800827641 /* LoginViewModel.swift in Sources */ = {isa = PBXBuildFile; fileRef = B61E29462161F39800827641 /* LoginViewModel.swift */; };
		B61E29492161F3A500827641 /* LoginNavigator.swift in Sources */ = {isa = PBXBuildFile; fileRef = B61E29482161F3A500827641 /* LoginNavigator.swift */; };
		B61E294B2161F8E600827641 /* BaseViewModel.swift in Sources */ = {isa = PBXBuildFile; fileRef = B61E294A2161F8E600827641 /* BaseViewModel.swift */; };
		B61E294F2161FCB900827641 /* TopViewController.swift in Sources */ = {isa = PBXBuildFile; fileRef = B61E294D2161FCB900827641 /* TopViewController.swift */; };
		B61E29502161FCB900827641 /* TopViewController.xib in Resources */ = {isa = PBXBuildFile; fileRef = B61E294E2161FCB900827641 /* TopViewController.xib */; };
		B61E29522161FCC200827641 /* TopViewModel.swift in Sources */ = {isa = PBXBuildFile; fileRef = B61E29512161FCC200827641 /* TopViewModel.swift */; };
		B61E29542161FCCD00827641 /* TopNavigator.swift in Sources */ = {isa = PBXBuildFile; fileRef = B61E29532161FCCD00827641 /* TopNavigator.swift */; };
		B61E2958216201A300827641 /* BaseNavigationController.swift in Sources */ = {isa = PBXBuildFile; fileRef = B61E2957216201A300827641 /* BaseNavigationController.swift */; };
		B61E298B216207F500827641 /* URLRequest.swift in Sources */ = {isa = PBXBuildFile; fileRef = B61E2968216207F200827641 /* URLRequest.swift */; };
		B61E298C216207F500827641 /* UIFont.swift in Sources */ = {isa = PBXBuildFile; fileRef = B61E2969216207F200827641 /* UIFont.swift */; };
		B61E2990216207F500827641 /* UIScrollView.swift in Sources */ = {isa = PBXBuildFile; fileRef = B61E296D216207F300827641 /* UIScrollView.swift */; };
		B61E2991216207F500827641 /* UIGestureRecognizer.swift in Sources */ = {isa = PBXBuildFile; fileRef = B61E296E216207F300827641 /* UIGestureRecognizer.swift */; };
		B61E2992216207F500827641 /* UICollectionView.swift in Sources */ = {isa = PBXBuildFile; fileRef = B61E296F216207F300827641 /* UICollectionView.swift */; };
		B61E2993216207F500827641 /* UIViewController.swift in Sources */ = {isa = PBXBuildFile; fileRef = B61E2970216207F300827641 /* UIViewController.swift */; };
		B61E2995216207F500827641 /* UIApplication.swift in Sources */ = {isa = PBXBuildFile; fileRef = B61E2972216207F300827641 /* UIApplication.swift */; };
		B61E2996216207F500827641 /* UITableView.swift in Sources */ = {isa = PBXBuildFile; fileRef = B61E2973216207F300827641 /* UITableView.swift */; };
		B61E2998216207F500827641 /* UIColor.swift in Sources */ = {isa = PBXBuildFile; fileRef = B61E2975216207F300827641 /* UIColor.swift */; };
		B61E2999216207F500827641 /* NSObject.swift in Sources */ = {isa = PBXBuildFile; fileRef = B61E2976216207F300827641 /* NSObject.swift */; };
		B61E299D216207F500827641 /* UILabel.swift in Sources */ = {isa = PBXBuildFile; fileRef = B61E297A216207F400827641 /* UILabel.swift */; };
		B61E299E216207F500827641 /* UITextField.swift in Sources */ = {isa = PBXBuildFile; fileRef = B61E297B216207F400827641 /* UITextField.swift */; };
		B61E299F216207F500827641 /* UIButton.swift in Sources */ = {isa = PBXBuildFile; fileRef = B61E297C216207F400827641 /* UIButton.swift */; };
		B61E29A1216207F500827641 /* UIView.swift in Sources */ = {isa = PBXBuildFile; fileRef = B61E297E216207F400827641 /* UIView.swift */; };
		B61E29A2216207F500827641 /* UITableViewCell.swift in Sources */ = {isa = PBXBuildFile; fileRef = B61E297F216207F400827641 /* UITableViewCell.swift */; };
		B61E29A4216207F500827641 /* UINib.swift in Sources */ = {isa = PBXBuildFile; fileRef = B61E2981216207F400827641 /* UINib.swift */; };
		B61E29A8216207F500827641 /* UIImageView.swift in Sources */ = {isa = PBXBuildFile; fileRef = B61E2985216207F500827641 /* UIImageView.swift */; };
		B61E29AA216207F500827641 /* String.swift in Sources */ = {isa = PBXBuildFile; fileRef = B61E2987216207F500827641 /* String.swift */; };
		B61E29AB216207F500827641 /* UITextView.swift in Sources */ = {isa = PBXBuildFile; fileRef = B61E2988216207F500827641 /* UITextView.swift */; };
		B61E29AD216207F500827641 /* UIAlertController.swift in Sources */ = {isa = PBXBuildFile; fileRef = B61E298A216207F500827641 /* UIAlertController.swift */; };
		B61E29AF216210DB00827641 /* SVProgressHUD+Ext.swift in Sources */ = {isa = PBXBuildFile; fileRef = B61E29AE216210DB00827641 /* SVProgressHUD+Ext.swift */; };
		B61E29B12162111300827641 /* Reactive.swift in Sources */ = {isa = PBXBuildFile; fileRef = B61E29B02162111300827641 /* Reactive.swift */; };
		B61E29B9216212B300827641 /* LocalError.swift in Sources */ = {isa = PBXBuildFile; fileRef = B61E29B5216212B300827641 /* LocalError.swift */; };
		B61E29BA216212B300827641 /* NetworkError.swift in Sources */ = {isa = PBXBuildFile; fileRef = B61E29B6216212B300827641 /* NetworkError.swift */; };
		B61E29BB216212B300827641 /* Network.swift in Sources */ = {isa = PBXBuildFile; fileRef = B61E29B7216212B300827641 /* Network.swift */; };
		B61E29BC216212B300827641 /* NetworkResponseModel.swift.swift in Sources */ = {isa = PBXBuildFile; fileRef = B61E29B8216212B300827641 /* NetworkResponseModel.swift.swift */; };
		B61E29C02162152900827641 /* UserAPI.swift in Sources */ = {isa = PBXBuildFile; fileRef = B61E29BF2162152900827641 /* UserAPI.swift */; };
		B61E29C2216217A400827641 /* NetworkConfiguration.swift in Sources */ = {isa = PBXBuildFile; fileRef = B61E29C1216217A400827641 /* NetworkConfiguration.swift */; };
		B61E29C421621C8400827641 /* NetworkRequestProtocol.swift in Sources */ = {isa = PBXBuildFile; fileRef = B61E29C321621C8400827641 /* NetworkRequestProtocol.swift */; };
		B61E29C921621E8000827641 /* UserDefault.swift in Sources */ = {isa = PBXBuildFile; fileRef = B61E29C621621E8000827641 /* UserDefault.swift */; };
		B61E29CA21621E8000827641 /* GlobalData.swift in Sources */ = {isa = PBXBuildFile; fileRef = B61E29C721621E8000827641 /* GlobalData.swift */; };
		B61E29CB21621E8000827641 /* ConstantManager.swift in Sources */ = {isa = PBXBuildFile; fileRef = B61E29C821621E8000827641 /* ConstantManager.swift */; };
		B61E29CE2162219600827641 /* UserModel.swift in Sources */ = {isa = PBXBuildFile; fileRef = B61E29CD2162219600827641 /* UserModel.swift */; };
		BFFC14123E9A66328C6E246B /* Pods_Health.framework in Frameworks */ = {isa = PBXBuildFile; fileRef = 275079ABD68AD62176D565DE /* Pods_Health.framework */; };
		F966DCD351C2FA0303D06610 /* Pods_HealthTests.framework in Frameworks */ = {isa = PBXBuildFile; fileRef = 0FDAD702301BCD3492830D1E /* Pods_HealthTests.framework */; };
/* End PBXBuildFile section */

/* Begin PBXContainerItemProxy section */
		B61E29072161EFFB00827641 /* PBXContainerItemProxy */ = {
			isa = PBXContainerItemProxy;
			containerPortal = B61E28EA2161EFFA00827641 /* Project object */;
			proxyType = 1;
			remoteGlobalIDString = B61E28F12161EFFA00827641;
			remoteInfo = Health;
		};
		B61E29122161EFFB00827641 /* PBXContainerItemProxy */ = {
			isa = PBXContainerItemProxy;
			containerPortal = B61E28EA2161EFFA00827641 /* Project object */;
			proxyType = 1;
			remoteGlobalIDString = B61E28F12161EFFA00827641;
			remoteInfo = Health;
		};
/* End PBXContainerItemProxy section */

/* Begin PBXFileReference section */
		0075CDFFA224F3F6431C88FA /* Pods-HealthUITests.release.xcconfig */ = {isa = PBXFileReference; includeInIndex = 1; lastKnownFileType = text.xcconfig; name = "Pods-HealthUITests.release.xcconfig"; path = "Pods/Target Support Files/Pods-HealthUITests/Pods-HealthUITests.release.xcconfig"; sourceTree = "<group>"; };
		0FDAD702301BCD3492830D1E /* Pods_HealthTests.framework */ = {isa = PBXFileReference; explicitFileType = wrapper.framework; includeInIndex = 0; path = Pods_HealthTests.framework; sourceTree = BUILT_PRODUCTS_DIR; };
		275079ABD68AD62176D565DE /* Pods_Health.framework */ = {isa = PBXFileReference; explicitFileType = wrapper.framework; includeInIndex = 0; path = Pods_Health.framework; sourceTree = BUILT_PRODUCTS_DIR; };
		3FCD3F4BFF2D8FABA587DDD8 /* Pods-HealthUITests.debug.xcconfig */ = {isa = PBXFileReference; includeInIndex = 1; lastKnownFileType = text.xcconfig; name = "Pods-HealthUITests.debug.xcconfig"; path = "Pods/Target Support Files/Pods-HealthUITests/Pods-HealthUITests.debug.xcconfig"; sourceTree = "<group>"; };
		4FCC78ACE3FD8D0CD27C69B3 /* Pods-HealthTests.release.xcconfig */ = {isa = PBXFileReference; includeInIndex = 1; lastKnownFileType = text.xcconfig; name = "Pods-HealthTests.release.xcconfig"; path = "Pods/Target Support Files/Pods-HealthTests/Pods-HealthTests.release.xcconfig"; sourceTree = "<group>"; };
		89C3065B3EBF415FA74DE42E /* Pods-Health.release.xcconfig */ = {isa = PBXFileReference; includeInIndex = 1; lastKnownFileType = text.xcconfig; name = "Pods-Health.release.xcconfig"; path = "Pods/Target Support Files/Pods-Health/Pods-Health.release.xcconfig"; sourceTree = "<group>"; };
		B57CE77EE5C68A807FBC0989 /* Pods-Health.debug.xcconfig */ = {isa = PBXFileReference; includeInIndex = 1; lastKnownFileType = text.xcconfig; name = "Pods-Health.debug.xcconfig"; path = "Pods/Target Support Files/Pods-Health/Pods-Health.debug.xcconfig"; sourceTree = "<group>"; };
		B61E28F22161EFFA00827641 /* Health.app */ = {isa = PBXFileReference; explicitFileType = wrapper.application; includeInIndex = 0; path = Health.app; sourceTree = BUILT_PRODUCTS_DIR; };
		B61E28F52161EFFA00827641 /* AppDelegate.swift */ = {isa = PBXFileReference; lastKnownFileType = sourcecode.swift; path = AppDelegate.swift; sourceTree = "<group>"; };
		B61E28FC2161EFFB00827641 /* Assets.xcassets */ = {isa = PBXFileReference; lastKnownFileType = folder.assetcatalog; path = Assets.xcassets; sourceTree = "<group>"; };
		B61E28FF2161EFFB00827641 /* Base */ = {isa = PBXFileReference; lastKnownFileType = file.storyboard; name = Base; path = Base.lproj/LaunchScreen.storyboard; sourceTree = "<group>"; };
		B61E29012161EFFB00827641 /* Info.plist */ = {isa = PBXFileReference; lastKnownFileType = text.plist.xml; path = Info.plist; sourceTree = "<group>"; };
		B61E29062161EFFB00827641 /* HealthTests.xctest */ = {isa = PBXFileReference; explicitFileType = wrapper.cfbundle; includeInIndex = 0; path = HealthTests.xctest; sourceTree = BUILT_PRODUCTS_DIR; };
		B61E290A2161EFFB00827641 /* HealthTests.swift */ = {isa = PBXFileReference; lastKnownFileType = sourcecode.swift; path = HealthTests.swift; sourceTree = "<group>"; };
		B61E290C2161EFFB00827641 /* Info.plist */ = {isa = PBXFileReference; lastKnownFileType = text.plist.xml; path = Info.plist; sourceTree = "<group>"; };
		B61E29112161EFFB00827641 /* HealthUITests.xctest */ = {isa = PBXFileReference; explicitFileType = wrapper.cfbundle; includeInIndex = 0; path = HealthUITests.xctest; sourceTree = BUILT_PRODUCTS_DIR; };
		B61E29152161EFFB00827641 /* HealthUITests.swift */ = {isa = PBXFileReference; lastKnownFileType = sourcecode.swift; path = HealthUITests.swift; sourceTree = "<group>"; };
		B61E29172161EFFB00827641 /* Info.plist */ = {isa = PBXFileReference; lastKnownFileType = text.plist.xml; path = Info.plist; sourceTree = "<group>"; };
		B61E29262161F0A600827641 /* SplashViewController.swift */ = {isa = PBXFileReference; fileEncoding = 4; lastKnownFileType = sourcecode.swift; path = SplashViewController.swift; sourceTree = "<group>"; };
		B61E29272161F0A600827641 /* SplashViewModel.swift */ = {isa = PBXFileReference; fileEncoding = 4; lastKnownFileType = sourcecode.swift; path = SplashViewModel.swift; sourceTree = "<group>"; };
		B61E29282161F0A600827641 /* SplashNavigator.swift */ = {isa = PBXFileReference; fileEncoding = 4; lastKnownFileType = sourcecode.swift; path = SplashNavigator.swift; sourceTree = "<group>"; };
		B61E29292161F0A600827641 /* SplashViewController.xib */ = {isa = PBXFileReference; fileEncoding = 4; lastKnownFileType = file.xib; path = SplashViewController.xib; sourceTree = "<group>"; };
		B61E292E2161F0A700827641 /* ErrorTracker.swift */ = {isa = PBXFileReference; fileEncoding = 4; lastKnownFileType = sourcecode.swift; path = ErrorTracker.swift; sourceTree = "<group>"; };
		B61E292F2161F0A700827641 /* ActivityIndicator.swift */ = {isa = PBXFileReference; fileEncoding = 4; lastKnownFileType = sourcecode.swift; path = ActivityIndicator.swift; sourceTree = "<group>"; };
		B61E29302161F0A700827641 /* Observable+Ext.swift */ = {isa = PBXFileReference; fileEncoding = 4; lastKnownFileType = sourcecode.swift; path = "Observable+Ext.swift"; sourceTree = "<group>"; };
		B61E29322161F0A700827641 /* BaseViewController.swift */ = {isa = PBXFileReference; fileEncoding = 4; lastKnownFileType = sourcecode.swift; path = BaseViewController.swift; sourceTree = "<group>"; };
		B61E29332161F0A700827641 /* ViewModelType.swift */ = {isa = PBXFileReference; fileEncoding = 4; lastKnownFileType = sourcecode.swift; path = ViewModelType.swift; sourceTree = "<group>"; };
		B61E29422161F38B00827641 /* LoginViewController.swift */ = {isa = PBXFileReference; lastKnownFileType = sourcecode.swift; path = LoginViewController.swift; sourceTree = "<group>"; };
		B61E29432161F38B00827641 /* LoginViewController.xib */ = {isa = PBXFileReference; lastKnownFileType = file.xib; path = LoginViewController.xib; sourceTree = "<group>"; };
		B61E29462161F39800827641 /* LoginViewModel.swift */ = {isa = PBXFileReference; lastKnownFileType = sourcecode.swift; path = LoginViewModel.swift; sourceTree = "<group>"; };
		B61E29482161F3A500827641 /* LoginNavigator.swift */ = {isa = PBXFileReference; lastKnownFileType = sourcecode.swift; path = LoginNavigator.swift; sourceTree = "<group>"; };
		B61E294A2161F8E600827641 /* BaseViewModel.swift */ = {isa = PBXFileReference; lastKnownFileType = sourcecode.swift; path = BaseViewModel.swift; sourceTree = "<group>"; };
		B61E294D2161FCB900827641 /* TopViewController.swift */ = {isa = PBXFileReference; lastKnownFileType = sourcecode.swift; path = TopViewController.swift; sourceTree = "<group>"; };
		B61E294E2161FCB900827641 /* TopViewController.xib */ = {isa = PBXFileReference; lastKnownFileType = file.xib; path = TopViewController.xib; sourceTree = "<group>"; };
		B61E29512161FCC200827641 /* TopViewModel.swift */ = {isa = PBXFileReference; lastKnownFileType = sourcecode.swift; path = TopViewModel.swift; sourceTree = "<group>"; };
		B61E29532161FCCD00827641 /* TopNavigator.swift */ = {isa = PBXFileReference; lastKnownFileType = sourcecode.swift; path = TopNavigator.swift; sourceTree = "<group>"; };
		B61E2957216201A300827641 /* BaseNavigationController.swift */ = {isa = PBXFileReference; lastKnownFileType = sourcecode.swift; path = BaseNavigationController.swift; sourceTree = "<group>"; };
		B61E2968216207F200827641 /* URLRequest.swift */ = {isa = PBXFileReference; fileEncoding = 4; lastKnownFileType = sourcecode.swift; path = URLRequest.swift; sourceTree = "<group>"; };
		B61E2969216207F200827641 /* UIFont.swift */ = {isa = PBXFileReference; fileEncoding = 4; lastKnownFileType = sourcecode.swift; path = UIFont.swift; sourceTree = "<group>"; };
		B61E296D216207F300827641 /* UIScrollView.swift */ = {isa = PBXFileReference; fileEncoding = 4; lastKnownFileType = sourcecode.swift; path = UIScrollView.swift; sourceTree = "<group>"; };
		B61E296E216207F300827641 /* UIGestureRecognizer.swift */ = {isa = PBXFileReference; fileEncoding = 4; lastKnownFileType = sourcecode.swift; path = UIGestureRecognizer.swift; sourceTree = "<group>"; };
		B61E296F216207F300827641 /* UICollectionView.swift */ = {isa = PBXFileReference; fileEncoding = 4; lastKnownFileType = sourcecode.swift; path = UICollectionView.swift; sourceTree = "<group>"; };
		B61E2970216207F300827641 /* UIViewController.swift */ = {isa = PBXFileReference; fileEncoding = 4; lastKnownFileType = sourcecode.swift; path = UIViewController.swift; sourceTree = "<group>"; };
		B61E2972216207F300827641 /* UIApplication.swift */ = {isa = PBXFileReference; fileEncoding = 4; lastKnownFileType = sourcecode.swift; path = UIApplication.swift; sourceTree = "<group>"; };
		B61E2973216207F300827641 /* UITableView.swift */ = {isa = PBXFileReference; fileEncoding = 4; lastKnownFileType = sourcecode.swift; path = UITableView.swift; sourceTree = "<group>"; };
		B61E2975216207F300827641 /* UIColor.swift */ = {isa = PBXFileReference; fileEncoding = 4; lastKnownFileType = sourcecode.swift; path = UIColor.swift; sourceTree = "<group>"; };
		B61E2976216207F300827641 /* NSObject.swift */ = {isa = PBXFileReference; fileEncoding = 4; lastKnownFileType = sourcecode.swift; path = NSObject.swift; sourceTree = "<group>"; };
		B61E297A216207F400827641 /* UILabel.swift */ = {isa = PBXFileReference; fileEncoding = 4; lastKnownFileType = sourcecode.swift; path = UILabel.swift; sourceTree = "<group>"; };
		B61E297B216207F400827641 /* UITextField.swift */ = {isa = PBXFileReference; fileEncoding = 4; lastKnownFileType = sourcecode.swift; path = UITextField.swift; sourceTree = "<group>"; };
		B61E297C216207F400827641 /* UIButton.swift */ = {isa = PBXFileReference; fileEncoding = 4; lastKnownFileType = sourcecode.swift; path = UIButton.swift; sourceTree = "<group>"; };
		B61E297E216207F400827641 /* UIView.swift */ = {isa = PBXFileReference; fileEncoding = 4; lastKnownFileType = sourcecode.swift; path = UIView.swift; sourceTree = "<group>"; };
		B61E297F216207F400827641 /* UITableViewCell.swift */ = {isa = PBXFileReference; fileEncoding = 4; lastKnownFileType = sourcecode.swift; path = UITableViewCell.swift; sourceTree = "<group>"; };
		B61E2981216207F400827641 /* UINib.swift */ = {isa = PBXFileReference; fileEncoding = 4; lastKnownFileType = sourcecode.swift; path = UINib.swift; sourceTree = "<group>"; };
		B61E2985216207F500827641 /* UIImageView.swift */ = {isa = PBXFileReference; fileEncoding = 4; lastKnownFileType = sourcecode.swift; path = UIImageView.swift; sourceTree = "<group>"; };
		B61E2987216207F500827641 /* String.swift */ = {isa = PBXFileReference; fileEncoding = 4; lastKnownFileType = sourcecode.swift; path = String.swift; sourceTree = "<group>"; };
		B61E2988216207F500827641 /* UITextView.swift */ = {isa = PBXFileReference; fileEncoding = 4; lastKnownFileType = sourcecode.swift; path = UITextView.swift; sourceTree = "<group>"; };
		B61E298A216207F500827641 /* UIAlertController.swift */ = {isa = PBXFileReference; fileEncoding = 4; lastKnownFileType = sourcecode.swift; path = UIAlertController.swift; sourceTree = "<group>"; };
		B61E29AE216210DB00827641 /* SVProgressHUD+Ext.swift */ = {isa = PBXFileReference; lastKnownFileType = sourcecode.swift; path = "SVProgressHUD+Ext.swift"; sourceTree = "<group>"; };
		B61E29B02162111300827641 /* Reactive.swift */ = {isa = PBXFileReference; lastKnownFileType = sourcecode.swift; path = Reactive.swift; sourceTree = "<group>"; };
		B61E29B5216212B300827641 /* LocalError.swift */ = {isa = PBXFileReference; fileEncoding = 4; lastKnownFileType = sourcecode.swift; path = LocalError.swift; sourceTree = "<group>"; };
		B61E29B6216212B300827641 /* NetworkError.swift */ = {isa = PBXFileReference; fileEncoding = 4; lastKnownFileType = sourcecode.swift; path = NetworkError.swift; sourceTree = "<group>"; };
		B61E29B7216212B300827641 /* Network.swift */ = {isa = PBXFileReference; fileEncoding = 4; lastKnownFileType = sourcecode.swift; path = Network.swift; sourceTree = "<group>"; };
		B61E29B8216212B300827641 /* NetworkResponseModel.swift.swift */ = {isa = PBXFileReference; fileEncoding = 4; lastKnownFileType = sourcecode.swift; path = NetworkResponseModel.swift.swift; sourceTree = "<group>"; };
		B61E29BF2162152900827641 /* UserAPI.swift */ = {isa = PBXFileReference; lastKnownFileType = sourcecode.swift; path = UserAPI.swift; sourceTree = "<group>"; };
		B61E29C1216217A400827641 /* NetworkConfiguration.swift */ = {isa = PBXFileReference; lastKnownFileType = sourcecode.swift; path = NetworkConfiguration.swift; sourceTree = "<group>"; };
		B61E29C321621C8400827641 /* NetworkRequestProtocol.swift */ = {isa = PBXFileReference; lastKnownFileType = sourcecode.swift; path = NetworkRequestProtocol.swift; sourceTree = "<group>"; };
		B61E29C621621E8000827641 /* UserDefault.swift */ = {isa = PBXFileReference; fileEncoding = 4; lastKnownFileType = sourcecode.swift; path = UserDefault.swift; sourceTree = "<group>"; };
		B61E29C721621E8000827641 /* GlobalData.swift */ = {isa = PBXFileReference; fileEncoding = 4; lastKnownFileType = sourcecode.swift; path = GlobalData.swift; sourceTree = "<group>"; };
		B61E29C821621E8000827641 /* ConstantManager.swift */ = {isa = PBXFileReference; fileEncoding = 4; lastKnownFileType = sourcecode.swift; path = ConstantManager.swift; sourceTree = "<group>"; };
		B61E29CD2162219600827641 /* UserModel.swift */ = {isa = PBXFileReference; fileEncoding = 4; lastKnownFileType = sourcecode.swift; path = UserModel.swift; sourceTree = "<group>"; };
		CB970E1400C12510CD26083F /* Pods-HealthTests.debug.xcconfig */ = {isa = PBXFileReference; includeInIndex = 1; lastKnownFileType = text.xcconfig; name = "Pods-HealthTests.debug.xcconfig"; path = "Pods/Target Support Files/Pods-HealthTests/Pods-HealthTests.debug.xcconfig"; sourceTree = "<group>"; };
		EFB681C7F1645875EBFA8C9F /* Pods_HealthUITests.framework */ = {isa = PBXFileReference; explicitFileType = wrapper.framework; includeInIndex = 0; path = Pods_HealthUITests.framework; sourceTree = BUILT_PRODUCTS_DIR; };
/* End PBXFileReference section */

/* Begin PBXFrameworksBuildPhase section */
		B61E28EF2161EFFA00827641 /* Frameworks */ = {
			isa = PBXFrameworksBuildPhase;
			buildActionMask = 2147483647;
			files = (
				BFFC14123E9A66328C6E246B /* Pods_Health.framework in Frameworks */,
			);
			runOnlyForDeploymentPostprocessing = 0;
		};
		B61E29032161EFFB00827641 /* Frameworks */ = {
			isa = PBXFrameworksBuildPhase;
			buildActionMask = 2147483647;
			files = (
				F966DCD351C2FA0303D06610 /* Pods_HealthTests.framework in Frameworks */,
			);
			runOnlyForDeploymentPostprocessing = 0;
		};
		B61E290E2161EFFB00827641 /* Frameworks */ = {
			isa = PBXFrameworksBuildPhase;
			buildActionMask = 2147483647;
			files = (
				17900A31BA18A4540BBAFE85 /* Pods_HealthUITests.framework in Frameworks */,
			);
			runOnlyForDeploymentPostprocessing = 0;
		};
/* End PBXFrameworksBuildPhase section */

/* Begin PBXGroup section */
		10E7BCE4A77ED85A735058FE /* Frameworks */ = {
			isa = PBXGroup;
			children = (
				275079ABD68AD62176D565DE /* Pods_Health.framework */,
				0FDAD702301BCD3492830D1E /* Pods_HealthTests.framework */,
				EFB681C7F1645875EBFA8C9F /* Pods_HealthUITests.framework */,
			);
			name = Frameworks;
			sourceTree = "<group>";
		};
		B61E28E92161EFFA00827641 = {
			isa = PBXGroup;
			children = (
				B61E28F42161EFFA00827641 /* Health */,
				B61E29092161EFFB00827641 /* HealthTests */,
				B61E29142161EFFB00827641 /* HealthUITests */,
				B61E28F32161EFFA00827641 /* Products */,
				CCC36595F2E8862633895C6C /* Pods */,
				10E7BCE4A77ED85A735058FE /* Frameworks */,
			);
			sourceTree = "<group>";
		};
		B61E28F32161EFFA00827641 /* Products */ = {
			isa = PBXGroup;
			children = (
				B61E28F22161EFFA00827641 /* Health.app */,
				B61E29062161EFFB00827641 /* HealthTests.xctest */,
				B61E29112161EFFB00827641 /* HealthUITests.xctest */,
			);
			name = Products;
			sourceTree = "<group>";
		};
		B61E28F42161EFFA00827641 /* Health */ = {
			isa = PBXGroup;
			children = (
				B61E29B32162125700827641 /* Network */,
				B61E29B22162120500827641 /* Model */,
				B61E29402161F0D400827641 /* AppDelegate */,
				B61E29312161F0A700827641 /* Common */,
				B61E292B2161F0A700827641 /* Extensiton */,
				B61E292A2161F0A600827641 /* Resource */,
				B61E29232161F0A600827641 /* Scenes */,
				B61E292C2161F0A700827641 /* Utility */,
				B61E29012161EFFB00827641 /* Info.plist */,
			);
			path = Health;
			sourceTree = "<group>";
		};
		B61E29092161EFFB00827641 /* HealthTests */ = {
			isa = PBXGroup;
			children = (
				B61E290A2161EFFB00827641 /* HealthTests.swift */,
				B61E290C2161EFFB00827641 /* Info.plist */,
			);
			path = HealthTests;
			sourceTree = "<group>";
		};
		B61E29142161EFFB00827641 /* HealthUITests */ = {
			isa = PBXGroup;
			children = (
				B61E29152161EFFB00827641 /* HealthUITests.swift */,
				B61E29172161EFFB00827641 /* Info.plist */,
			);
			path = HealthUITests;
			sourceTree = "<group>";
		};
		B61E29232161F0A600827641 /* Scenes */ = {
			isa = PBXGroup;
			children = (
				B61E294C2161FCAC00827641 /* Top */,
				B61E29412161F37500827641 /* Login */,
				B61E29252161F0A600827641 /* Splash */,
			);
			path = Scenes;
			sourceTree = "<group>";
		};
		B61E29252161F0A600827641 /* Splash */ = {
			isa = PBXGroup;
			children = (
				B61E29262161F0A600827641 /* SplashViewController.swift */,
				B61E29272161F0A600827641 /* SplashViewModel.swift */,
				B61E29282161F0A600827641 /* SplashNavigator.swift */,
				B61E29292161F0A600827641 /* SplashViewController.xib */,
			);
			path = Splash;
			sourceTree = "<group>";
		};
		B61E292A2161F0A600827641 /* Resource */ = {
			isa = PBXGroup;
			children = (
				B61E28FC2161EFFB00827641 /* Assets.xcassets */,
				B61E28FE2161EFFB00827641 /* LaunchScreen.storyboard */,
			);
			path = Resource;
			sourceTree = "<group>";
		};
		B61E292B2161F0A700827641 /* Extensiton */ = {
			isa = PBXGroup;
			children = (
				B61E2976216207F300827641 /* NSObject.swift */,
				B61E2987216207F500827641 /* String.swift */,
				B61E298A216207F500827641 /* UIAlertController.swift */,
				B61E2972216207F300827641 /* UIApplication.swift */,
				B61E297C216207F400827641 /* UIButton.swift */,
				B61E296F216207F300827641 /* UICollectionView.swift */,
				B61E2975216207F300827641 /* UIColor.swift */,
				B61E2969216207F200827641 /* UIFont.swift */,
				B61E296E216207F300827641 /* UIGestureRecognizer.swift */,
				B61E2985216207F500827641 /* UIImageView.swift */,
				B61E297A216207F400827641 /* UILabel.swift */,
				B61E2981216207F400827641 /* UINib.swift */,
				B61E296D216207F300827641 /* UIScrollView.swift */,
				B61E2973216207F300827641 /* UITableView.swift */,
				B61E297F216207F400827641 /* UITableViewCell.swift */,
				B61E297B216207F400827641 /* UITextField.swift */,
				B61E2988216207F500827641 /* UITextView.swift */,
				B61E297E216207F400827641 /* UIView.swift */,
				B61E2970216207F300827641 /* UIViewController.swift */,
				B61E2968216207F200827641 /* URLRequest.swift */,
			);
			path = Extensiton;
			sourceTree = "<group>";
		};
		B61E292C2161F0A700827641 /* Utility */ = {
			isa = PBXGroup;
			children = (
				B61E29B02162111300827641 /* Reactive.swift */,
				B61E292E2161F0A700827641 /* ErrorTracker.swift */,
				B61E292F2161F0A700827641 /* ActivityIndicator.swift */,
				B61E29302161F0A700827641 /* Observable+Ext.swift */,
				B61E29AE216210DB00827641 /* SVProgressHUD+Ext.swift */,
			);
			path = Utility;
			sourceTree = "<group>";
		};
		B61E29312161F0A700827641 /* Common */ = {
			isa = PBXGroup;
			children = (
				B61E29CC21621E8A00827641 /* Base */,
				B61E29C521621E8000827641 /* Globals */,
			);
			path = Common;
			sourceTree = "<group>";
		};
		B61E29402161F0D400827641 /* AppDelegate */ = {
			isa = PBXGroup;
			children = (
				B61E28F52161EFFA00827641 /* AppDelegate.swift */,
			);
			path = AppDelegate;
			sourceTree = "<group>";
		};
		B61E29412161F37500827641 /* Login */ = {
			isa = PBXGroup;
			children = (
				B61E29422161F38B00827641 /* LoginViewController.swift */,
				B61E29432161F38B00827641 /* LoginViewController.xib */,
				B61E29462161F39800827641 /* LoginViewModel.swift */,
				B61E29482161F3A500827641 /* LoginNavigator.swift */,
			);
			path = Login;
			sourceTree = "<group>";
		};
		B61E294C2161FCAC00827641 /* Top */ = {
			isa = PBXGroup;
			children = (
				B61E294D2161FCB900827641 /* TopViewController.swift */,
				B61E294E2161FCB900827641 /* TopViewController.xib */,
				B61E29512161FCC200827641 /* TopViewModel.swift */,
				B61E29532161FCCD00827641 /* TopNavigator.swift */,
			);
			path = Top;
			sourceTree = "<group>";
		};
		B61E29B22162120500827641 /* Model */ = {
			isa = PBXGroup;
			children = (
				B61E29CD2162219600827641 /* UserModel.swift */,
			);
			path = Model;
			sourceTree = "<group>";
		};
		B61E29B32162125700827641 /* Network */ = {
			isa = PBXGroup;
			children = (
				B61E29BD216212C200827641 /* Api */,
				B61E29B4216212B300827641 /* Core */,
			);
			path = Network;
			sourceTree = "<group>";
		};
		B61E29B4216212B300827641 /* Core */ = {
			isa = PBXGroup;
			children = (
				B61E29B5216212B300827641 /* LocalError.swift */,
				B61E29B6216212B300827641 /* NetworkError.swift */,
				B61E29B7216212B300827641 /* Network.swift */,
				B61E29B8216212B300827641 /* NetworkResponseModel.swift.swift */,
				B61E29C1216217A400827641 /* NetworkConfiguration.swift */,
				B61E29C321621C8400827641 /* NetworkRequestProtocol.swift */,
			);
			path = Core;
			sourceTree = "<group>";
		};
		B61E29BD216212C200827641 /* Api */ = {
			isa = PBXGroup;
			children = (
				B61E29BE2162151400827641 /* User */,
			);
			path = Api;
			sourceTree = "<group>";
		};
		B61E29BE2162151400827641 /* User */ = {
			isa = PBXGroup;
			children = (
				B61E29BF2162152900827641 /* UserAPI.swift */,
			);
			path = User;
			sourceTree = "<group>";
		};
		B61E29C521621E8000827641 /* Globals */ = {
			isa = PBXGroup;
			children = (
				B61E29C621621E8000827641 /* UserDefault.swift */,
				B61E29C721621E8000827641 /* GlobalData.swift */,
				B61E29C821621E8000827641 /* ConstantManager.swift */,
			);
			path = Globals;
			sourceTree = "<group>";
		};
		B61E29CC21621E8A00827641 /* Base */ = {
			isa = PBXGroup;
			children = (
				B61E29322161F0A700827641 /* BaseViewController.swift */,
				B61E29332161F0A700827641 /* ViewModelType.swift */,
				B61E294A2161F8E600827641 /* BaseViewModel.swift */,
				B61E2957216201A300827641 /* BaseNavigationController.swift */,
			);
			path = Base;
			sourceTree = "<group>";
		};
		CCC36595F2E8862633895C6C /* Pods */ = {
			isa = PBXGroup;
			children = (
				B57CE77EE5C68A807FBC0989 /* Pods-Health.debug.xcconfig */,
				89C3065B3EBF415FA74DE42E /* Pods-Health.release.xcconfig */,
				CB970E1400C12510CD26083F /* Pods-HealthTests.debug.xcconfig */,
				4FCC78ACE3FD8D0CD27C69B3 /* Pods-HealthTests.release.xcconfig */,
				3FCD3F4BFF2D8FABA587DDD8 /* Pods-HealthUITests.debug.xcconfig */,
				0075CDFFA224F3F6431C88FA /* Pods-HealthUITests.release.xcconfig */,
			);
			name = Pods;
			sourceTree = "<group>";
		};
/* End PBXGroup section */

/* Begin PBXNativeTarget section */
		B61E28F12161EFFA00827641 /* Health */ = {
			isa = PBXNativeTarget;
			buildConfigurationList = B61E291A2161EFFB00827641 /* Build configuration list for PBXNativeTarget "Health" */;
			buildPhases = (
				A274870156E8205BE712EB9E /* [CP] Check Pods Manifest.lock */,
				B61E28EE2161EFFA00827641 /* Sources */,
				B61E28EF2161EFFA00827641 /* Frameworks */,
				B61E28F02161EFFA00827641 /* Resources */,
				91BA05B023E9D8710884925C /* [CP] Embed Pods Frameworks */,
			);
			buildRules = (
			);
			dependencies = (
			);
			name = Health;
			productName = Health;
			productReference = B61E28F22161EFFA00827641 /* Health.app */;
			productType = "com.apple.product-type.application";
		};
		B61E29052161EFFB00827641 /* HealthTests */ = {
			isa = PBXNativeTarget;
			buildConfigurationList = B61E291D2161EFFB00827641 /* Build configuration list for PBXNativeTarget "HealthTests" */;
			buildPhases = (
				95EE7AC1B2557D43B02F7D18 /* [CP] Check Pods Manifest.lock */,
				B61E29022161EFFB00827641 /* Sources */,
				B61E29032161EFFB00827641 /* Frameworks */,
				B61E29042161EFFB00827641 /* Resources */,
			);
			buildRules = (
			);
			dependencies = (
				B61E29082161EFFB00827641 /* PBXTargetDependency */,
			);
			name = HealthTests;
			productName = HealthTests;
			productReference = B61E29062161EFFB00827641 /* HealthTests.xctest */;
			productType = "com.apple.product-type.bundle.unit-test";
		};
		B61E29102161EFFB00827641 /* HealthUITests */ = {
			isa = PBXNativeTarget;
			buildConfigurationList = B61E29202161EFFB00827641 /* Build configuration list for PBXNativeTarget "HealthUITests" */;
			buildPhases = (
				54AFB2CC3CAF5A31C16BAEC3 /* [CP] Check Pods Manifest.lock */,
				B61E290D2161EFFB00827641 /* Sources */,
				B61E290E2161EFFB00827641 /* Frameworks */,
				B61E290F2161EFFB00827641 /* Resources */,
			);
			buildRules = (
			);
			dependencies = (
				B61E29132161EFFB00827641 /* PBXTargetDependency */,
			);
			name = HealthUITests;
			productName = HealthUITests;
			productReference = B61E29112161EFFB00827641 /* HealthUITests.xctest */;
			productType = "com.apple.product-type.bundle.ui-testing";
		};
/* End PBXNativeTarget section */

/* Begin PBXProject section */
		B61E28EA2161EFFA00827641 /* Project object */ = {
			isa = PBXProject;
			attributes = {
				LastSwiftUpdateCheck = 1000;
				LastUpgradeCheck = 1000;
				ORGANIZATIONNAME = Framgia;
				TargetAttributes = {
					B61E28F12161EFFA00827641 = {
						CreatedOnToolsVersion = 10.0;
					};
					B61E29052161EFFB00827641 = {
						CreatedOnToolsVersion = 10.0;
						TestTargetID = B61E28F12161EFFA00827641;
					};
					B61E29102161EFFB00827641 = {
						CreatedOnToolsVersion = 10.0;
						TestTargetID = B61E28F12161EFFA00827641;
					};
				};
			};
			buildConfigurationList = B61E28ED2161EFFA00827641 /* Build configuration list for PBXProject "Health" */;
			compatibilityVersion = "Xcode 9.3";
			developmentRegion = en;
			hasScannedForEncodings = 0;
			knownRegions = (
				en,
				Base,
			);
			mainGroup = B61E28E92161EFFA00827641;
			productRefGroup = B61E28F32161EFFA00827641 /* Products */;
			projectDirPath = "";
			projectRoot = "";
			targets = (
				B61E28F12161EFFA00827641 /* Health */,
				B61E29052161EFFB00827641 /* HealthTests */,
				B61E29102161EFFB00827641 /* HealthUITests */,
			);
		};
/* End PBXProject section */

/* Begin PBXResourcesBuildPhase section */
		B61E28F02161EFFA00827641 /* Resources */ = {
			isa = PBXResourcesBuildPhase;
			buildActionMask = 2147483647;
			files = (
				B61E29452161F38B00827641 /* LoginViewController.xib in Resources */,
				B61E29002161EFFB00827641 /* LaunchScreen.storyboard in Resources */,
				B61E29382161F0A700827641 /* SplashViewController.xib in Resources */,
				B61E29502161FCB900827641 /* TopViewController.xib in Resources */,
				B61E28FD2161EFFB00827641 /* Assets.xcassets in Resources */,
			);
			runOnlyForDeploymentPostprocessing = 0;
		};
		B61E29042161EFFB00827641 /* Resources */ = {
			isa = PBXResourcesBuildPhase;
			buildActionMask = 2147483647;
			files = (
			);
			runOnlyForDeploymentPostprocessing = 0;
		};
		B61E290F2161EFFB00827641 /* Resources */ = {
			isa = PBXResourcesBuildPhase;
			buildActionMask = 2147483647;
			files = (
			);
			runOnlyForDeploymentPostprocessing = 0;
		};
/* End PBXResourcesBuildPhase section */

/* Begin PBXShellScriptBuildPhase section */
		54AFB2CC3CAF5A31C16BAEC3 /* [CP] Check Pods Manifest.lock */ = {
			isa = PBXShellScriptBuildPhase;
			buildActionMask = 2147483647;
			files = (
			);
			inputPaths = (
				"${PODS_PODFILE_DIR_PATH}/Podfile.lock",
				"${PODS_ROOT}/Manifest.lock",
			);
			name = "[CP] Check Pods Manifest.lock";
			outputPaths = (
				"$(DERIVED_FILE_DIR)/Pods-HealthUITests-checkManifestLockResult.txt",
			);
			runOnlyForDeploymentPostprocessing = 0;
			shellPath = /bin/sh;
			shellScript = "diff \"${PODS_PODFILE_DIR_PATH}/Podfile.lock\" \"${PODS_ROOT}/Manifest.lock\" > /dev/null\nif [ $? != 0 ] ; then\n    # print error to STDERR\n    echo \"error: The sandbox is not in sync with the Podfile.lock. Run 'pod install' or update your CocoaPods installation.\" >&2\n    exit 1\nfi\n# This output is used by Xcode 'outputs' to avoid re-running this script phase.\necho \"SUCCESS\" > \"${SCRIPT_OUTPUT_FILE_0}\"\n";
			showEnvVarsInLog = 0;
		};
		91BA05B023E9D8710884925C /* [CP] Embed Pods Frameworks */ = {
			isa = PBXShellScriptBuildPhase;
			buildActionMask = 2147483647;
			files = (
			);
			inputPaths = (
				"${SRCROOT}/Pods/Target Support Files/Pods-Health/Pods-Health-frameworks.sh",
				"${BUILT_PRODUCTS_DIR}/Alamofire/Alamofire.framework",
				"${BUILT_PRODUCTS_DIR}/AlamofireNetworkActivityLogger/AlamofireNetworkActivityLogger.framework",
				"${BUILT_PRODUCTS_DIR}/FBRetainCycleDetector/FBRetainCycleDetector.framework",
				"${BUILT_PRODUCTS_DIR}/Kingfisher/Kingfisher.framework",
				"${BUILT_PRODUCTS_DIR}/MLeaksFinder/MLeaksFinder.framework",
				"${BUILT_PRODUCTS_DIR}/ObjectMapper/ObjectMapper.framework",
				"${BUILT_PRODUCTS_DIR}/RxAlamofire/RxAlamofire.framework",
				"${BUILT_PRODUCTS_DIR}/RxCocoa/RxCocoa.framework",
				"${BUILT_PRODUCTS_DIR}/RxSwift/RxSwift.framework",
				"${BUILT_PRODUCTS_DIR}/SVProgressHUD/SVProgressHUD.framework",
				"${BUILT_PRODUCTS_DIR}/SnapKit/SnapKit.framework",
				"${BUILT_PRODUCTS_DIR}/SwiftDate/SwiftDate.framework",
			);
			name = "[CP] Embed Pods Frameworks";
			outputPaths = (
				"${TARGET_BUILD_DIR}/${FRAMEWORKS_FOLDER_PATH}/Alamofire.framework",
				"${TARGET_BUILD_DIR}/${FRAMEWORKS_FOLDER_PATH}/AlamofireNetworkActivityLogger.framework",
				"${TARGET_BUILD_DIR}/${FRAMEWORKS_FOLDER_PATH}/FBRetainCycleDetector.framework",
				"${TARGET_BUILD_DIR}/${FRAMEWORKS_FOLDER_PATH}/Kingfisher.framework",
				"${TARGET_BUILD_DIR}/${FRAMEWORKS_FOLDER_PATH}/MLeaksFinder.framework",
				"${TARGET_BUILD_DIR}/${FRAMEWORKS_FOLDER_PATH}/ObjectMapper.framework",
				"${TARGET_BUILD_DIR}/${FRAMEWORKS_FOLDER_PATH}/RxAlamofire.framework",
				"${TARGET_BUILD_DIR}/${FRAMEWORKS_FOLDER_PATH}/RxCocoa.framework",
				"${TARGET_BUILD_DIR}/${FRAMEWORKS_FOLDER_PATH}/RxSwift.framework",
				"${TARGET_BUILD_DIR}/${FRAMEWORKS_FOLDER_PATH}/SVProgressHUD.framework",
				"${TARGET_BUILD_DIR}/${FRAMEWORKS_FOLDER_PATH}/SnapKit.framework",
				"${TARGET_BUILD_DIR}/${FRAMEWORKS_FOLDER_PATH}/SwiftDate.framework",
			);
			runOnlyForDeploymentPostprocessing = 0;
			shellPath = /bin/sh;
			shellScript = "\"${SRCROOT}/Pods/Target Support Files/Pods-Health/Pods-Health-frameworks.sh\"\n";
			showEnvVarsInLog = 0;
		};
		95EE7AC1B2557D43B02F7D18 /* [CP] Check Pods Manifest.lock */ = {
			isa = PBXShellScriptBuildPhase;
			buildActionMask = 2147483647;
			files = (
			);
			inputPaths = (
				"${PODS_PODFILE_DIR_PATH}/Podfile.lock",
				"${PODS_ROOT}/Manifest.lock",
			);
			name = "[CP] Check Pods Manifest.lock";
			outputPaths = (
				"$(DERIVED_FILE_DIR)/Pods-HealthTests-checkManifestLockResult.txt",
			);
			runOnlyForDeploymentPostprocessing = 0;
			shellPath = /bin/sh;
			shellScript = "diff \"${PODS_PODFILE_DIR_PATH}/Podfile.lock\" \"${PODS_ROOT}/Manifest.lock\" > /dev/null\nif [ $? != 0 ] ; then\n    # print error to STDERR\n    echo \"error: The sandbox is not in sync with the Podfile.lock. Run 'pod install' or update your CocoaPods installation.\" >&2\n    exit 1\nfi\n# This output is used by Xcode 'outputs' to avoid re-running this script phase.\necho \"SUCCESS\" > \"${SCRIPT_OUTPUT_FILE_0}\"\n";
			showEnvVarsInLog = 0;
		};
		A274870156E8205BE712EB9E /* [CP] Check Pods Manifest.lock */ = {
			isa = PBXShellScriptBuildPhase;
			buildActionMask = 2147483647;
			files = (
			);
			inputPaths = (
				"${PODS_PODFILE_DIR_PATH}/Podfile.lock",
				"${PODS_ROOT}/Manifest.lock",
			);
			name = "[CP] Check Pods Manifest.lock";
			outputPaths = (
				"$(DERIVED_FILE_DIR)/Pods-Health-checkManifestLockResult.txt",
			);
			runOnlyForDeploymentPostprocessing = 0;
			shellPath = /bin/sh;
			shellScript = "diff \"${PODS_PODFILE_DIR_PATH}/Podfile.lock\" \"${PODS_ROOT}/Manifest.lock\" > /dev/null\nif [ $? != 0 ] ; then\n    # print error to STDERR\n    echo \"error: The sandbox is not in sync with the Podfile.lock. Run 'pod install' or update your CocoaPods installation.\" >&2\n    exit 1\nfi\n# This output is used by Xcode 'outputs' to avoid re-running this script phase.\necho \"SUCCESS\" > \"${SCRIPT_OUTPUT_FILE_0}\"\n";
			showEnvVarsInLog = 0;
		};
/* End PBXShellScriptBuildPhase section */

/* Begin PBXSourcesBuildPhase section */
		B61E28EE2161EFFA00827641 /* Sources */ = {
			isa = PBXSourcesBuildPhase;
			buildActionMask = 2147483647;
			files = (
				B61E29A2216207F500827641 /* UITableViewCell.swift in Sources */,
				B61E2995216207F500827641 /* UIApplication.swift in Sources */,
				B61E29BC216212B300827641 /* NetworkResponseModel.swift.swift in Sources */,
				B61E293C2161F0A700827641 /* Observable+Ext.swift in Sources */,
				B61E29362161F0A700827641 /* SplashViewModel.swift in Sources */,
				B61E298C216207F500827641 /* UIFont.swift in Sources */,
				B61E29CA21621E8000827641 /* GlobalData.swift in Sources */,
				B61E29AF216210DB00827641 /* SVProgressHUD+Ext.swift in Sources */,
				B61E29CE2162219600827641 /* UserModel.swift in Sources */,
				B61E299E216207F500827641 /* UITextField.swift in Sources */,
				B61E29AA216207F500827641 /* String.swift in Sources */,
				B61E29B9216212B300827641 /* LocalError.swift in Sources */,
				B61E29A4216207F500827641 /* UINib.swift in Sources */,
				B61E293A2161F0A700827641 /* ErrorTracker.swift in Sources */,
				B61E29CB21621E8000827641 /* ConstantManager.swift in Sources */,
				B61E29C02162152900827641 /* UserAPI.swift in Sources */,
				B61E294B2161F8E600827641 /* BaseViewModel.swift in Sources */,
				B61E28F62161EFFA00827641 /* AppDelegate.swift in Sources */,
				B61E299F216207F500827641 /* UIButton.swift in Sources */,
				B61E298B216207F500827641 /* URLRequest.swift in Sources */,
				B61E29372161F0A700827641 /* SplashNavigator.swift in Sources */,
				B61E29492161F3A500827641 /* LoginNavigator.swift in Sources */,
				B61E293D2161F0A700827641 /* BaseViewController.swift in Sources */,
				B61E2993216207F500827641 /* UIViewController.swift in Sources */,
				B61E2992216207F500827641 /* UICollectionView.swift in Sources */,
				B61E293B2161F0A700827641 /* ActivityIndicator.swift in Sources */,
				B61E294F2161FCB900827641 /* TopViewController.swift in Sources */,
				B61E29A1216207F500827641 /* UIView.swift in Sources */,
				B61E2999216207F500827641 /* NSObject.swift in Sources */,
				B61E29AB216207F500827641 /* UITextView.swift in Sources */,
				B61E2991216207F500827641 /* UIGestureRecognizer.swift in Sources */,
				B61E29BA216212B300827641 /* NetworkError.swift in Sources */,
				B61E29352161F0A700827641 /* SplashViewController.swift in Sources */,
				B61E29472161F39800827641 /* LoginViewModel.swift in Sources */,
				B61E29542161FCCD00827641 /* TopNavigator.swift in Sources */,
				B61E299D216207F500827641 /* UILabel.swift in Sources */,
				B61E2990216207F500827641 /* UIScrollView.swift in Sources */,
				B61E29522161FCC200827641 /* TopViewModel.swift in Sources */,
				B61E2998216207F500827641 /* UIColor.swift in Sources */,
				B61E29BB216212B300827641 /* Network.swift in Sources */,
				B61E29B12162111300827641 /* Reactive.swift in Sources */,
				B61E2958216201A300827641 /* BaseNavigationController.swift in Sources */,
				B61E2996216207F500827641 /* UITableView.swift in Sources */,
				B61E29C921621E8000827641 /* UserDefault.swift in Sources */,
				B61E293E2161F0A700827641 /* ViewModelType.swift in Sources */,
				B61E29C2216217A400827641 /* NetworkConfiguration.swift in Sources */,
				B61E29C421621C8400827641 /* NetworkRequestProtocol.swift in Sources */,
				B61E29AD216207F500827641 /* UIAlertController.swift in Sources */,
				B61E29A8216207F500827641 /* UIImageView.swift in Sources */,
				B61E29442161F38B00827641 /* LoginViewController.swift in Sources */,
			);
			runOnlyForDeploymentPostprocessing = 0;
		};
		B61E29022161EFFB00827641 /* Sources */ = {
			isa = PBXSourcesBuildPhase;
			buildActionMask = 2147483647;
			files = (
				B61E290B2161EFFB00827641 /* HealthTests.swift in Sources */,
			);
			runOnlyForDeploymentPostprocessing = 0;
		};
		B61E290D2161EFFB00827641 /* Sources */ = {
			isa = PBXSourcesBuildPhase;
			buildActionMask = 2147483647;
			files = (
				B61E29162161EFFB00827641 /* HealthUITests.swift in Sources */,
			);
			runOnlyForDeploymentPostprocessing = 0;
		};
/* End PBXSourcesBuildPhase section */

/* Begin PBXTargetDependency section */
		B61E29082161EFFB00827641 /* PBXTargetDependency */ = {
			isa = PBXTargetDependency;
			target = B61E28F12161EFFA00827641 /* Health */;
			targetProxy = B61E29072161EFFB00827641 /* PBXContainerItemProxy */;
		};
		B61E29132161EFFB00827641 /* PBXTargetDependency */ = {
			isa = PBXTargetDependency;
			target = B61E28F12161EFFA00827641 /* Health */;
			targetProxy = B61E29122161EFFB00827641 /* PBXContainerItemProxy */;
		};
/* End PBXTargetDependency section */

/* Begin PBXVariantGroup section */
		B61E28FE2161EFFB00827641 /* LaunchScreen.storyboard */ = {
			isa = PBXVariantGroup;
			children = (
				B61E28FF2161EFFB00827641 /* Base */,
			);
			name = LaunchScreen.storyboard;
			sourceTree = "<group>";
		};
/* End PBXVariantGroup section */

/* Begin XCBuildConfiguration section */
		B61E29182161EFFB00827641 /* Debug */ = {
			isa = XCBuildConfiguration;
			buildSettings = {
				ALWAYS_SEARCH_USER_PATHS = NO;
				CLANG_ANALYZER_NONNULL = YES;
				CLANG_ANALYZER_NUMBER_OBJECT_CONVERSION = YES_AGGRESSIVE;
				CLANG_CXX_LANGUAGE_STANDARD = "gnu++14";
				CLANG_CXX_LIBRARY = "libc++";
				CLANG_ENABLE_MODULES = YES;
				CLANG_ENABLE_OBJC_ARC = YES;
				CLANG_ENABLE_OBJC_WEAK = YES;
				CLANG_WARN_BLOCK_CAPTURE_AUTORELEASING = YES;
				CLANG_WARN_BOOL_CONVERSION = YES;
				CLANG_WARN_COMMA = YES;
				CLANG_WARN_CONSTANT_CONVERSION = YES;
				CLANG_WARN_DEPRECATED_OBJC_IMPLEMENTATIONS = YES;
				CLANG_WARN_DIRECT_OBJC_ISA_USAGE = YES_ERROR;
				CLANG_WARN_DOCUMENTATION_COMMENTS = YES;
				CLANG_WARN_EMPTY_BODY = YES;
				CLANG_WARN_ENUM_CONVERSION = YES;
				CLANG_WARN_INFINITE_RECURSION = YES;
				CLANG_WARN_INT_CONVERSION = YES;
				CLANG_WARN_NON_LITERAL_NULL_CONVERSION = YES;
				CLANG_WARN_OBJC_IMPLICIT_RETAIN_SELF = YES;
				CLANG_WARN_OBJC_LITERAL_CONVERSION = YES;
				CLANG_WARN_OBJC_ROOT_CLASS = YES_ERROR;
				CLANG_WARN_RANGE_LOOP_ANALYSIS = YES;
				CLANG_WARN_STRICT_PROTOTYPES = YES;
				CLANG_WARN_SUSPICIOUS_MOVE = YES;
				CLANG_WARN_UNGUARDED_AVAILABILITY = YES_AGGRESSIVE;
				CLANG_WARN_UNREACHABLE_CODE = YES;
				CLANG_WARN__DUPLICATE_METHOD_MATCH = YES;
				CODE_SIGN_IDENTITY = "iPhone Developer";
				COPY_PHASE_STRIP = NO;
				DEBUG_INFORMATION_FORMAT = dwarf;
				ENABLE_STRICT_OBJC_MSGSEND = YES;
				ENABLE_TESTABILITY = YES;
				GCC_C_LANGUAGE_STANDARD = gnu11;
				GCC_DYNAMIC_NO_PIC = NO;
				GCC_NO_COMMON_BLOCKS = YES;
				GCC_OPTIMIZATION_LEVEL = 0;
				GCC_PREPROCESSOR_DEFINITIONS = (
					"DEBUG=1",
					"$(inherited)",
				);
				GCC_WARN_64_TO_32_BIT_CONVERSION = YES;
				GCC_WARN_ABOUT_RETURN_TYPE = YES_ERROR;
				GCC_WARN_UNDECLARED_SELECTOR = YES;
				GCC_WARN_UNINITIALIZED_AUTOS = YES_AGGRESSIVE;
				GCC_WARN_UNUSED_FUNCTION = YES;
				GCC_WARN_UNUSED_VARIABLE = YES;
				IPHONEOS_DEPLOYMENT_TARGET = 12.0;
				MTL_ENABLE_DEBUG_INFO = INCLUDE_SOURCE;
				MTL_FAST_MATH = YES;
				ONLY_ACTIVE_ARCH = YES;
				SDKROOT = iphoneos;
				SWIFT_ACTIVE_COMPILATION_CONDITIONS = DEBUG;
				SWIFT_OPTIMIZATION_LEVEL = "-Onone";
			};
			name = Debug;
		};
		B61E29192161EFFB00827641 /* Release */ = {
			isa = XCBuildConfiguration;
			buildSettings = {
				ALWAYS_SEARCH_USER_PATHS = NO;
				CLANG_ANALYZER_NONNULL = YES;
				CLANG_ANALYZER_NUMBER_OBJECT_CONVERSION = YES_AGGRESSIVE;
				CLANG_CXX_LANGUAGE_STANDARD = "gnu++14";
				CLANG_CXX_LIBRARY = "libc++";
				CLANG_ENABLE_MODULES = YES;
				CLANG_ENABLE_OBJC_ARC = YES;
				CLANG_ENABLE_OBJC_WEAK = YES;
				CLANG_WARN_BLOCK_CAPTURE_AUTORELEASING = YES;
				CLANG_WARN_BOOL_CONVERSION = YES;
				CLANG_WARN_COMMA = YES;
				CLANG_WARN_CONSTANT_CONVERSION = YES;
				CLANG_WARN_DEPRECATED_OBJC_IMPLEMENTATIONS = YES;
				CLANG_WARN_DIRECT_OBJC_ISA_USAGE = YES_ERROR;
				CLANG_WARN_DOCUMENTATION_COMMENTS = YES;
				CLANG_WARN_EMPTY_BODY = YES;
				CLANG_WARN_ENUM_CONVERSION = YES;
				CLANG_WARN_INFINITE_RECURSION = YES;
				CLANG_WARN_INT_CONVERSION = YES;
				CLANG_WARN_NON_LITERAL_NULL_CONVERSION = YES;
				CLANG_WARN_OBJC_IMPLICIT_RETAIN_SELF = YES;
				CLANG_WARN_OBJC_LITERAL_CONVERSION = YES;
				CLANG_WARN_OBJC_ROOT_CLASS = YES_ERROR;
				CLANG_WARN_RANGE_LOOP_ANALYSIS = YES;
				CLANG_WARN_STRICT_PROTOTYPES = YES;
				CLANG_WARN_SUSPICIOUS_MOVE = YES;
				CLANG_WARN_UNGUARDED_AVAILABILITY = YES_AGGRESSIVE;
				CLANG_WARN_UNREACHABLE_CODE = YES;
				CLANG_WARN__DUPLICATE_METHOD_MATCH = YES;
				CODE_SIGN_IDENTITY = "iPhone Developer";
				COPY_PHASE_STRIP = NO;
				DEBUG_INFORMATION_FORMAT = "dwarf-with-dsym";
				ENABLE_NS_ASSERTIONS = NO;
				ENABLE_STRICT_OBJC_MSGSEND = YES;
				GCC_C_LANGUAGE_STANDARD = gnu11;
				GCC_NO_COMMON_BLOCKS = YES;
				GCC_WARN_64_TO_32_BIT_CONVERSION = YES;
				GCC_WARN_ABOUT_RETURN_TYPE = YES_ERROR;
				GCC_WARN_UNDECLARED_SELECTOR = YES;
				GCC_WARN_UNINITIALIZED_AUTOS = YES_AGGRESSIVE;
				GCC_WARN_UNUSED_FUNCTION = YES;
				GCC_WARN_UNUSED_VARIABLE = YES;
				IPHONEOS_DEPLOYMENT_TARGET = 12.0;
				MTL_ENABLE_DEBUG_INFO = NO;
				MTL_FAST_MATH = YES;
				SDKROOT = iphoneos;
				SWIFT_COMPILATION_MODE = wholemodule;
				SWIFT_OPTIMIZATION_LEVEL = "-O";
				VALIDATE_PRODUCT = YES;
			};
			name = Release;
		};
		B61E291B2161EFFB00827641 /* Debug */ = {
			isa = XCBuildConfiguration;
			baseConfigurationReference = B57CE77EE5C68A807FBC0989 /* Pods-Health.debug.xcconfig */;
			buildSettings = {
				ASSETCATALOG_COMPILER_APPICON_NAME = AppIcon;
				CODE_SIGN_STYLE = Automatic;
				INFOPLIST_FILE = Health/Info.plist;
				IPHONEOS_DEPLOYMENT_TARGET = 10.0;
				LD_RUNPATH_SEARCH_PATHS = (
					"$(inherited)",
					"@executable_path/Frameworks",
				);
				PRODUCT_BUNDLE_IDENTIFIER = com.framgia.Health;
				PRODUCT_NAME = "$(TARGET_NAME)";
				SWIFT_VERSION = 4.2;
				TARGETED_DEVICE_FAMILY = "1,2";
			};
			name = Debug;
		};
		B61E291C2161EFFB00827641 /* Release */ = {
			isa = XCBuildConfiguration;
			baseConfigurationReference = 89C3065B3EBF415FA74DE42E /* Pods-Health.release.xcconfig */;
			buildSettings = {
				ASSETCATALOG_COMPILER_APPICON_NAME = AppIcon;
				CODE_SIGN_STYLE = Automatic;
				INFOPLIST_FILE = Health/Info.plist;
				IPHONEOS_DEPLOYMENT_TARGET = 10.0;
				LD_RUNPATH_SEARCH_PATHS = (
					"$(inherited)",
					"@executable_path/Frameworks",
				);
				PRODUCT_BUNDLE_IDENTIFIER = com.framgia.Health;
				PRODUCT_NAME = "$(TARGET_NAME)";
				SWIFT_VERSION = 4.2;
				TARGETED_DEVICE_FAMILY = "1,2";
			};
			name = Release;
		};
		B61E291E2161EFFB00827641 /* Debug */ = {
			isa = XCBuildConfiguration;
			baseConfigurationReference = CB970E1400C12510CD26083F /* Pods-HealthTests.debug.xcconfig */;
			buildSettings = {
				ALWAYS_EMBED_SWIFT_STANDARD_LIBRARIES = YES;
				BUNDLE_LOADER = "$(TEST_HOST)";
				CODE_SIGN_STYLE = Automatic;
				INFOPLIST_FILE = HealthTests/Info.plist;
				LD_RUNPATH_SEARCH_PATHS = (
					"$(inherited)",
					"@executable_path/Frameworks",
					"@loader_path/Frameworks",
				);
				PRODUCT_BUNDLE_IDENTIFIER = com.framgia.HealthTests;
				PRODUCT_NAME = "$(TARGET_NAME)";
				SWIFT_VERSION = 4.2;
				TARGETED_DEVICE_FAMILY = "1,2";
				TEST_HOST = "$(BUILT_PRODUCTS_DIR)/Health.app/Health";
			};
			name = Debug;
		};
		B61E291F2161EFFB00827641 /* Release */ = {
			isa = XCBuildConfiguration;
			baseConfigurationReference = 4FCC78ACE3FD8D0CD27C69B3 /* Pods-HealthTests.release.xcconfig */;
			buildSettings = {
				ALWAYS_EMBED_SWIFT_STANDARD_LIBRARIES = YES;
				BUNDLE_LOADER = "$(TEST_HOST)";
				CODE_SIGN_STYLE = Automatic;
				INFOPLIST_FILE = HealthTests/Info.plist;
				LD_RUNPATH_SEARCH_PATHS = (
					"$(inherited)",
					"@executable_path/Frameworks",
					"@loader_path/Frameworks",
				);
				PRODUCT_BUNDLE_IDENTIFIER = com.framgia.HealthTests;
				PRODUCT_NAME = "$(TARGET_NAME)";
				SWIFT_VERSION = 4.2;
				TARGETED_DEVICE_FAMILY = "1,2";
				TEST_HOST = "$(BUILT_PRODUCTS_DIR)/Health.app/Health";
			};
			name = Release;
		};
		B61E29212161EFFB00827641 /* Debug */ = {
			isa = XCBuildConfiguration;
			baseConfigurationReference = 3FCD3F4BFF2D8FABA587DDD8 /* Pods-HealthUITests.debug.xcconfig */;
			buildSettings = {
				ALWAYS_EMBED_SWIFT_STANDARD_LIBRARIES = YES;
				CODE_SIGN_STYLE = Automatic;
				INFOPLIST_FILE = HealthUITests/Info.plist;
				LD_RUNPATH_SEARCH_PATHS = (
					"$(inherited)",
					"@executable_path/Frameworks",
					"@loader_path/Frameworks",
				);
				PRODUCT_BUNDLE_IDENTIFIER = com.framgia.HealthUITests;
				PRODUCT_NAME = "$(TARGET_NAME)";
				SWIFT_VERSION = 4.2;
				TARGETED_DEVICE_FAMILY = "1,2";
				TEST_TARGET_NAME = Health;
			};
			name = Debug;
		};
		B61E29222161EFFB00827641 /* Release */ = {
			isa = XCBuildConfiguration;
			baseConfigurationReference = 0075CDFFA224F3F6431C88FA /* Pods-HealthUITests.release.xcconfig */;
			buildSettings = {
				ALWAYS_EMBED_SWIFT_STANDARD_LIBRARIES = YES;
				CODE_SIGN_STYLE = Automatic;
				INFOPLIST_FILE = HealthUITests/Info.plist;
				LD_RUNPATH_SEARCH_PATHS = (
					"$(inherited)",
					"@executable_path/Frameworks",
					"@loader_path/Frameworks",
				);
				PRODUCT_BUNDLE_IDENTIFIER = com.framgia.HealthUITests;
				PRODUCT_NAME = "$(TARGET_NAME)";
				SWIFT_VERSION = 4.2;
				TARGETED_DEVICE_FAMILY = "1,2";
				TEST_TARGET_NAME = Health;
			};
			name = Release;
		};
/* End XCBuildConfiguration section */

/* Begin XCConfigurationList section */
		B61E28ED2161EFFA00827641 /* Build configuration list for PBXProject "Health" */ = {
			isa = XCConfigurationList;
			buildConfigurations = (
				B61E29182161EFFB00827641 /* Debug */,
				B61E29192161EFFB00827641 /* Release */,
			);
			defaultConfigurationIsVisible = 0;
			defaultConfigurationName = Release;
		};
		B61E291A2161EFFB00827641 /* Build configuration list for PBXNativeTarget "Health" */ = {
			isa = XCConfigurationList;
			buildConfigurations = (
				B61E291B2161EFFB00827641 /* Debug */,
				B61E291C2161EFFB00827641 /* Release */,
			);
			defaultConfigurationIsVisible = 0;
			defaultConfigurationName = Release;
		};
		B61E291D2161EFFB00827641 /* Build configuration list for PBXNativeTarget "HealthTests" */ = {
			isa = XCConfigurationList;
			buildConfigurations = (
				B61E291E2161EFFB00827641 /* Debug */,
				B61E291F2161EFFB00827641 /* Release */,
			);
			defaultConfigurationIsVisible = 0;
			defaultConfigurationName = Release;
		};
		B61E29202161EFFB00827641 /* Build configuration list for PBXNativeTarget "HealthUITests" */ = {
			isa = XCConfigurationList;
			buildConfigurations = (
				B61E29212161EFFB00827641 /* Debug */,
				B61E29222161EFFB00827641 /* Release */,
			);
			defaultConfigurationIsVisible = 0;
			defaultConfigurationName = Release;
		};
/* End XCConfigurationList section */
	};
	rootObject = B61E28EA2161EFFA00827641 /* Project object */;
}
